
Microsoft Visual Studio Solution File, Format Version 12.00
# Visual Studio Version 17
VisualStudioVersion = 17.14.36414.22 d17.14
MinimumVisualStudioVersion = 10.0.40219.1
Project("{FAE04EC0-301F-11D3-BF4B-00C04F79EFBC}") = "to-do-list", "to-do-list\to-do-list.csproj", "{3AA44A82-3DA4-4283-892B-A4ACE183964A}"
EndProject
Global
	GlobalSection(SolutionConfigurationPlatforms) = preSolution
		Debug|Any CPU = Debug|Any CPU
		Release|Any CPU = Release|Any CPU
	EndGlobalSection
	GlobalSection(ProjectConfigurationPlatforms) = postSolution
		{3AA44A82-3DA4-4283-892B-A4ACE183964A}.Debug|Any CPU.ActiveCfg = Debug|Any CPU
		{3AA44A82-3DA4-4283-892B-A4ACE183964A}.Debug|Any CPU.Build.0 = Debug|Any CPU
		{3AA44A82-3DA4-4283-892B-A4ACE183964A}.Release|Any CPU.ActiveCfg = Release|Any CPU
		{3AA44A82-3DA4-4283-892B-A4ACE183964A}.Release|Any CPU.Build.0 = Release|Any CPU
	EndGlobalSection
	GlobalSection(SolutionProperties) = preSolution
		HideSolutionNode = FALSE
	EndGlobalSection
	GlobalSection(ExtensibilityGlobals) = postSolution
		SolutionGuid = {72B99041-4152-4DAA-9805-96D9CCDC030A}
	EndGlobalSection
EndGlobal
